// !$*UTF8*$!
{
	archiveVersion = 1;
	classes = {
	};
	objectVersion = 56;
	objects = {

/* Begin PBXBuildFile section */
		A001 /* FulfillmentHeartbeatApp.swift in Sources */ = {isa = PBXBuildFile; fileRef = B001 /* FulfillmentHeartbeatApp.swift */; };
		A002 /* RootView.swift in Sources */ = {isa = PBXBuildFile; fileRef = B002 /* RootView.swift */; };
		A003 /* MainHubView.swift in Sources */ = {isa = PBXBuildFile; fileRef = B003 /* MainHubView.swift */; };
		A004 /* AppTheme.swift in Sources */ = {isa = PBXBuildFile; fileRef = B004 /* AppTheme.swift */; };
		A005 /* BuildStamp.swift in Sources */ = {isa = PBXBuildFile; fileRef = B005 /* BuildStamp.swift */; };
		A006 /* Domain.swift in Sources */ = {isa = PBXBuildFile; fileRef = B006 /* Domain.swift */; };
		A007 /* HeartbeatStore.swift in Sources */ = {isa = PBXBuildFile; fileRef = B007 /* HeartbeatStore.swift */; };
		A008 /* WorkbookParser.swift in Sources */ = {isa = PBXBuildFile; fileRef = B008 /* WorkbookParser.swift */; };
		A009 /* SampleMarket.swift in Sources */ = {isa = PBXBuildFile; fileRef = B009 /* SampleMarket.swift */; };
		A010 /* DashboardView.swift in Sources */ = {isa = PBXBuildFile; fileRef = B010 /* DashboardView.swift */; };
		A011 /* UploadView.swift in Sources */ = {isa = PBXBuildFile; fileRef = B011 /* UploadView.swift */; };
		A012 /* SectionDetailView.swift in Sources */ = {isa = PBXBuildFile; fileRef = B012 /* SectionDetailView.swift */; };
		A013 /* SharedViews.swift in Sources */ = {isa = PBXBuildFile; fileRef = B013 /* SharedViews.swift */; };
		A015 /* BrandMarkData.swift in Sources */ = {isa = PBXBuildFile; fileRef = B015 /* BrandMarkData.swift */; };
		A100 /* MessageUI.framework in Frameworks */ = {isa = PBXBuildFile; fileRef = B100 /* MessageUI.framework */; };
		A911 /* HeartbeatMathTests.swift in Sources */ = {isa = PBXBuildFile; fileRef = B911 /* HeartbeatMathTests.swift */; };
		A912 /* WorkbookParserTests.swift in Sources */ = {isa = PBXBuildFile; fileRef = B912 /* WorkbookParserTests.swift */; };
/* End PBXBuildFile section */

/* Begin PBXContainerItemProxy section */
		P001 /* PBXContainerItemProxy */ = {
			isa = PBXContainerItemProxy;
			containerPortal = F001 /* Project object */;
			proxyType = 1;
			remoteGlobalIDString = E001;
			remoteInfo = FulfillmentHeartbeat;
		};
/* End PBXContainerItemProxy section */

/* Begin PBXFileReference section */
		B001 /* FulfillmentHeartbeatApp.swift */ = {isa = PBXFileReference; lastKnownFileType = sourcecode.swift; path = FulfillmentHeartbeatApp.swift; sourceTree = "<group>"; };
		B002 /* RootView.swift */ = {isa = PBXFileReference; lastKnownFileType = sourcecode.swift; path = RootView.swift; sourceTree = "<group>"; };
		B003 /* MainHubView.swift */ = {isa = PBXFileReference; lastKnownFileType = sourcecode.swift; path = MainHubView.swift; sourceTree = "<group>"; };
		B004 /* AppTheme.swift */ = {isa = PBXFileReference; lastKnownFileType = sourcecode.swift; path = AppTheme.swift; sourceTree = "<group>"; };
		B005 /* BuildStamp.swift */ = {isa = PBXFileReference; lastKnownFileType = sourcecode.swift; path = BuildStamp.swift; sourceTree = "<group>"; };
		B006 /* Domain.swift */ = {isa = PBXFileReference; lastKnownFileType = sourcecode.swift; path = Domain.swift; sourceTree = "<group>"; };
		B007 /* HeartbeatStore.swift */ = {isa = PBXFileReference; lastKnownFileType = sourcecode.swift; path = HeartbeatStore.swift; sourceTree = "<group>"; };
		B008 /* WorkbookParser.swift */ = {isa = PBXFileReference; lastKnownFileType = sourcecode.swift; path = WorkbookParser.swift; sourceTree = "<group>"; };
		B009 /* SampleMarket.swift */ = {isa = PBXFileReference; lastKnownFileType = sourcecode.swift; path = SampleMarket.swift; sourceTree = "<group>"; };
		B010 /* DashboardView.swift */ = {isa = PBXFileReference; lastKnownFileType = sourcecode.swift; path = DashboardView.swift; sourceTree = "<group>"; };
		B011 /* UploadView.swift */ = {isa = PBXFileReference; lastKnownFileType = sourcecode.swift; path = UploadView.swift; sourceTree = "<group>"; };
		B012 /* SectionDetailView.swift */ = {isa = PBXFileReference; lastKnownFileType = sourcecode.swift; path = SectionDetailView.swift; sourceTree = "<group>"; };
		B013 /* SharedViews.swift */ = {isa = PBXFileReference; lastKnownFileType = sourcecode.swift; path = SharedViews.swift; sourceTree = "<group>"; };
		B015 /* BrandMarkData.swift */ = {isa = PBXFileReference; lastKnownFileType = sourcecode.swift; path = BrandMarkData.swift; sourceTree = "<group>"; };
		B100 /* MessageUI.framework */ = {isa = PBXFileReference; lastKnownFileType = wrapper.framework; name = MessageUI.framework; path = System/Library/Frameworks/MessageUI.framework; sourceTree = SDKROOT; };
		B900 /* Assets.xcassets */ = {isa = PBXFileReference; lastKnownFileType = folder.assetcatalog; path = Assets.xcassets; sourceTree = "<group>"; };
		B901 /* Info.plist */ = {isa = PBXFileReference; lastKnownFileType = text.plist.xml; path = Info.plist; sourceTree = "<group>"; };
		B903 /* FulfillmentHeartbeat.entitlements */ = {isa = PBXFileReference; lastKnownFileType = text.plist.entitlements; path = FulfillmentHeartbeat.entitlements; sourceTree = "<group>"; };
		B902 /* FulfillmentHeartbeat.app */ = {isa = PBXFileReference; explicitFileType = wrapper.application; includeInIndex = 0; path = FulfillmentHeartbeat.app; sourceTree = BUILT_PRODUCTS_DIR; };
		B910 /* FulfillmentHeartbeatTests.xctest */ = {isa = PBXFileReference; explicitFileType = wrapper.cfbundle; includeInIndex = 0; path = FulfillmentHeartbeatTests.xctest; sourceTree = BUILT_PRODUCTS_DIR; };
		B911 /* HeartbeatMathTests.swift */ = {isa = PBXFileReference; lastKnownFileType = sourcecode.swift; path = HeartbeatMathTests.swift; sourceTree = "<group>"; };
		B912 /* WorkbookParserTests.swift */ = {isa = PBXFileReference; lastKnownFileType = sourcecode.swift; path = WorkbookParserTests.swift; sourceTree = "<group>"; };
/* End PBXFileReference section */

/* Begin PBXFrameworksBuildPhase section */
		C001 /* Frameworks */ = {
			isa = PBXFrameworksBuildPhase;
			buildActionMask = 2147483647;
			files = (
				A100 /* MessageUI.framework in Frameworks */,
			);
			runOnlyForDeploymentPostprocessing = 0;
		};
		C011 /* Frameworks */ = {
			isa = PBXFrameworksBuildPhase;
			buildActionMask = 2147483647;
			files = (
			);
			runOnlyForDeploymentPostprocessing = 0;
		};
/* End PBXFrameworksBuildPhase section */

/* Begin PBXGroup section */
		D001 = {
			isa = PBXGroup;
			children = (
				D002 /* FulfillmentHeartbeat */,
				D007 /* FulfillmentHeartbeatTests */,
				D003 /* Products */,
			);
			sourceTree = "<group>";
		};
		D002 /* FulfillmentHeartbeat */ = {
			isa = PBXGroup;
			children = (
				B001 /* FulfillmentHeartbeatApp.swift */,
				B002 /* RootView.swift */,
				B003 /* MainHubView.swift */,
				B004 /* AppTheme.swift */,
				B005 /* BuildStamp.swift */,
				B015 /* BrandMarkData.swift */,
				D005 /* Models */,
				D006 /* Storage */,
				D004 /* Views */,
				B900 /* Assets.xcassets */,
				B901 /* Info.plist */,
				B903 /* FulfillmentHeartbeat.entitlements */,
			);
			path = FulfillmentHeartbeat;
			sourceTree = "<group>";
		};
		D003 /* Products */ = {
			isa = PBXGroup;
			children = (
				B902 /* FulfillmentHeartbeat.app */,
				B910 /* FulfillmentHeartbeatTests.xctest */,
			);
			name = Products;
			sourceTree = "<group>";
		};
		D004 /* Views */ = {
			isa = PBXGroup;
			children = (
				B010 /* DashboardView.swift */,
				B011 /* UploadView.swift */,
				B012 /* SectionDetailView.swift */,
				B013 /* SharedViews.swift */,
			);
			path = Views;
			sourceTree = "<group>";
		};
		D005 /* Models */ = {
			isa = PBXGroup;
			children = (
				B006 /* Domain.swift */,
			);
			path = Models;
			sourceTree = "<group>";
		};
		D006 /* Storage */ = {
			isa = PBXGroup;
			children = (
				B007 /* HeartbeatStore.swift */,
				B008 /* WorkbookParser.swift */,
				B009 /* SampleMarket.swift */,
			);
			path = Storage;
			sourceTree = "<group>";
		};
		D007 /* FulfillmentHeartbeatTests */ = {
			isa = PBXGroup;
			children = (
				B911 /* HeartbeatMathTests.swift */,
				B912 /* WorkbookParserTests.swift */,
			);
			path = FulfillmentHeartbeatTests;
			sourceTree = "<group>";
		};
/* End PBXGroup section */

/* Begin PBXNativeTarget section */
		E001 /* FulfillmentHeartbeat */ = {
			isa = PBXNativeTarget;
			buildConfigurationList = H002 /* Build configuration list for PBXNativeTarget "FulfillmentHeartbeat" */;
			buildPhases = (
				C002 /* Sources */,
				C001 /* Frameworks */,
				C003 /* Resources */,
			);
			buildRules = (
			);
			dependencies = (
			);
			name = FulfillmentHeartbeat;
			productName = FulfillmentHeartbeat;
			productReference = B902 /* FulfillmentHeartbeat.app */;
			productType = "com.apple.product-type.application";
		};
		E002 /* FulfillmentHeartbeatTests */ = {
			isa = PBXNativeTarget;
			buildConfigurationList = H003 /* Build configuration list for PBXNativeTarget "FulfillmentHeartbeatTests" */;
			buildPhases = (
				C012 /* Sources */,
				C011 /* Frameworks */,
				C013 /* Resources */,
			);
			buildRules = (
			);
			dependencies = (
				P002 /* PBXTargetDependency */,
			);
			name = FulfillmentHeartbeatTests;
			productName = FulfillmentHeartbeatTests;
			productReference = B910 /* FulfillmentHeartbeatTests.xctest */;
			productType = "com.apple.product-type.bundle.unit-test";
		};
/* End PBXNativeTarget section */

/* Begin PBXProject section */
		F001 /* Project object */ = {
			isa = PBXProject;
			attributes = {
				BuildIndependentTargetsInParallel = 1;
				LastSwiftUpdateCheck = 1500;
				LastUpgradeCheck = 1500;
				TargetAttributes = {
					E002 = {
						TestTargetID = E001;
					};
				};
			};
			buildConfigurationList = H001 /* Build configuration list for PBXProject "FulfillmentHeartbeat" */;
			compatibilityVersion = "Xcode 14.0";
			developmentRegion = en;
			hasScannedForEncodings = 0;
			knownRegions = (
				en,
				Base,
			);
			mainGroup = D001;
			productRefGroup = D003 /* Products */;
			projectDirPath = "";
			projectRoot = "";
			targets = (
				E001 /* FulfillmentHeartbeat */,
				E002 /* FulfillmentHeartbeatTests */,
			);
		};
/* End PBXProject section */

/* Begin PBXResourcesBuildPhase section */
		C003 /* Resources */ = {
			isa = PBXResourcesBuildPhase;
			buildActionMask = 2147483647;
			files = (
				A900 /* Assets.xcassets in Resources */,
			);
			runOnlyForDeploymentPostprocessing = 0;
		};
		C013 /* Resources */ = {
			isa = PBXResourcesBuildPhase;
			buildActionMask = 2147483647;
			files = (
			);
			runOnlyForDeploymentPostprocessing = 0;
		};
/* End PBXResourcesBuildPhase section */

/* Begin PBXSourcesBuildPhase section */
		C002 /* Sources */ = {
			isa = PBXSourcesBuildPhase;
			buildActionMask = 2147483647;
			files = (
				A001 /* FulfillmentHeartbeatApp.swift in Sources */,
				A002 /* RootView.swift in Sources */,
				A003 /* MainHubView.swift in Sources */,
				A004 /* AppTheme.swift in Sources */,
				A005 /* BuildStamp.swift in Sources */,
				A006 /* Domain.swift in Sources */,
				A007 /* HeartbeatStore.swift in Sources */,
				A008 /* WorkbookParser.swift in Sources */,
				A009 /* SampleMarket.swift in Sources */,
				A010 /* DashboardView.swift in Sources */,
				A011 /* UploadView.swift in Sources */,
				A012 /* SectionDetailView.swift in Sources */,
				A013 /* SharedViews.swift in Sources */,
				A015 /* BrandMarkData.swift in Sources */,
			);
			runOnlyForDeploymentPostprocessing = 0;
		};
		C012 /* Sources */ = {
			isa = PBXSourcesBuildPhase;
			buildActionMask = 2147483647;
			files = (
				A911 /* HeartbeatMathTests.swift in Sources */,
				A912 /* WorkbookParserTests.swift in Sources */,
			);
			runOnlyForDeploymentPostprocessing = 0;
		};
/* End PBXSourcesBuildPhase section */

/* Begin PBXTargetDependency section */
		P002 /* PBXTargetDependency */ = {
			isa = PBXTargetDependency;
			target = E001 /* FulfillmentHeartbeat */;
			targetProxy = P001 /* PBXContainerItemProxy */;
		};
/* End PBXTargetDependency section */

/* Begin XCBuildConfiguration section */
		G001 /* Debug */ = {
			isa = XCBuildConfiguration;
			buildSettings = {
				ALWAYS_SEARCH_USER_PATHS = NO;
				CLANG_ENABLE_MODULES = YES;
				CLANG_ENABLE_OBJC_ARC = YES;
				COPY_PHASE_STRIP = NO;
				DEBUG_INFORMATION_FORMAT = dwarf;
				ENABLE_TESTABILITY = YES;
				GCC_DYNAMIC_NO_PIC = NO;
				IPHONEOS_DEPLOYMENT_TARGET = 17.0;
				ONLY_ACTIVE_ARCH = YES;
				SDKROOT = iphoneos;
				SWIFT_ACTIVE_COMPILATION_CONDITIONS = DEBUG;
				SWIFT_OPTIMIZATION_LEVEL = "-Onone";
			};
			name = Debug;
		};
		G002 /* Release */ = {
			isa = XCBuildConfiguration;
			buildSettings = {
				ALWAYS_SEARCH_USER_PATHS = NO;
				CLANG_ENABLE_MODULES = YES;
				CLANG_ENABLE_OBJC_ARC = YES;
				COPY_PHASE_STRIP = NO;
				DEBUG_INFORMATION_FORMAT = "dwarf-with-dsym";
				IPHONEOS_DEPLOYMENT_TARGET = 17.0;
				SDKROOT = iphoneos;
				SWIFT_COMPILATION_MODE = wholemodule;
				VALIDATE_PRODUCT = YES;
			};
			name = Release;
		};
		G003 /* Debug */ = {
			isa = XCBuildConfiguration;
			buildSettings = {
				ASSETCATALOG_COMPILER_APPICON_NAME = AppIcon;
				CODE_SIGN_ENTITLEMENTS = FulfillmentHeartbeat/FulfillmentHeartbeat.entitlements;
				CODE_SIGN_IDENTITY = "Apple Development";
				CODE_SIGN_STYLE = Automatic;
				CURRENT_PROJECT_VERSION = 1;
				GENERATE_INFOPLIST_FILE = NO;
				INFOPLIST_FILE = FulfillmentHeartbeat/Info.plist;
				LD_RUNPATH_SEARCH_PATHS = (
					"$(inherited)",
					"@executable_path/Frameworks",
				);
				MARKETING_VERSION = 1.0;
				PRODUCT_BUNDLE_IDENTIFIER = com.corymurray.FulfillmentHeartbeat;
				PRODUCT_NAME = "$(TARGET_NAME)";
				SUPPORTED_PLATFORMS = "iphoneos iphonesimulator";
				SUPPORTS_MACCATALYST = NO;
				SWIFT_EMIT_LOC_STRINGS = YES;
				SWIFT_VERSION = 5.0;
				TARGETED_DEVICE_FAMILY = "1,2";
			};
			name = Debug;
		};
		G004 /* Release */ = {
			isa = XCBuildConfiguration;
			buildSettings = {
				ASSETCATALOG_COMPILER_APPICON_NAME = AppIcon;
				CODE_SIGN_ENTITLEMENTS = FulfillmentHeartbeat/FulfillmentHeartbeat.entitlements;
				CODE_SIGN_IDENTITY = "Apple Development";
				CODE_SIGN_STYLE = Automatic;
				CURRENT_PROJECT_VERSION = 1;
				GENERATE_INFOPLIST_FILE = NO;
				INFOPLIST_FILE = FulfillmentHeartbeat/Info.plist;
				LD_RUNPATH_SEARCH_PATHS = (
					"$(inherited)",
					"@executable_path/Frameworks",
				);
				MARKETING_VERSION = 1.0;
				PRODUCT_BUNDLE_IDENTIFIER = com.corymurray.FulfillmentHeartbeat;
				PRODUCT_NAME = "$(TARGET_NAME)";
				SUPPORTED_PLATFORMS = "iphoneos iphonesimulator";
				SUPPORTS_MACCATALYST = NO;
				SWIFT_EMIT_LOC_STRINGS = YES;
				SWIFT_VERSION = 5.0;
				TARGETED_DEVICE_FAMILY = "1,2";
			};
			name = Release;
		};
		G005 /* Debug */ = {
			isa = XCBuildConfiguration;
			buildSettings = {
				BUNDLE_LOADER = "$(TEST_HOST)";
				CODE_SIGN_STYLE = Automatic;
				CURRENT_PROJECT_VERSION = 1;
				GENERATE_INFOPLIST_FILE = YES;
				IPHONEOS_DEPLOYMENT_TARGET = 17.0;
				MARKETING_VERSION = 1.0;
				PRODUCT_BUNDLE_IDENTIFIER = com.corymurray.FulfillmentHeartbeat.tests;
				PRODUCT_NAME = "$(TARGET_NAME)";
				SWIFT_VERSION = 5.0;
				TARGETED_DEVICE_FAMILY = "1,2";
				TEST_HOST = "$(BUILT_PRODUCTS_DIR)/FulfillmentHeartbeat.app/$(BUNDLE_EXECUTABLE_FOLDER_PATH)/FulfillmentHeartbeat";
			};
			name = Debug;
		};
		G006 /* Release */ = {
			isa = XCBuildConfiguration;
			buildSettings = {
				BUNDLE_LOADER = "$(TEST_HOST)";
				CODE_SIGN_STYLE = Automatic;
				CURRENT_PROJECT_VERSION = 1;
				GENERATE_INFOPLIST_FILE = YES;
				IPHONEOS_DEPLOYMENT_TARGET = 17.0;
				MARKETING_VERSION = 1.0;
				PRODUCT_BUNDLE_IDENTIFIER = com.corymurray.FulfillmentHeartbeat.tests;
				PRODUCT_NAME = "$(TARGET_NAME)";
				SWIFT_VERSION = 5.0;
				TARGETED_DEVICE_FAMILY = "1,2";
				TEST_HOST = "$(BUILT_PRODUCTS_DIR)/FulfillmentHeartbeat.app/$(BUNDLE_EXECUTABLE_FOLDER_PATH)/FulfillmentHeartbeat";
			};
			name = Release;
		};
/* End XCBuildConfiguration section */

/* Begin XCConfigurationList section */
		H001 /* Build configuration list for PBXProject "FulfillmentHeartbeat" */ = {
			isa = XCConfigurationList;
			buildConfigurations = (
				G001 /* Debug */,
				G002 /* Release */,
			);
			defaultConfigurationIsVisible = 0;
			defaultConfigurationName = Release;
		};
		H002 /* Build configuration list for PBXNativeTarget "FulfillmentHeartbeat" */ = {
			isa = XCConfigurationList;
			buildConfigurations = (
				G003 /* Debug */,
				G004 /* Release */,
			);
			defaultConfigurationIsVisible = 0;
			defaultConfigurationName = Release;
		};
		H003 /* Build configuration list for PBXNativeTarget "FulfillmentHeartbeatTests" */ = {
			isa = XCConfigurationList;
			buildConfigurations = (
				G005 /* Debug */,
				G006 /* Release */,
			);
			defaultConfigurationIsVisible = 0;
			defaultConfigurationName = Release;
		};
/* End XCConfigurationList section */
	};
	rootObject = F001 /* Project object */;
}
